// !$*UTF8*$!
{
	archiveVersion = 1;
	classes = {
	};
	objectVersion = 46;
	objects = {

/* Begin PBXBuildFile section */
		8B4FEE241F0849530015BDA5 /* AppDelegate.swift in Sources */ = {isa = PBXBuildFile; fileRef = 8B4FEE231F0849530015BDA5 /* AppDelegate.swift */; };
		8B4FEE291F0849530015BDA5 /* Main.storyboard in Resources */ = {isa = PBXBuildFile; fileRef = 8B4FEE271F0849530015BDA5 /* Main.storyboard */; };
		8B4FEE2B1F0849530015BDA5 /* Assets.xcassets in Resources */ = {isa = PBXBuildFile; fileRef = 8B4FEE2A1F0849530015BDA5 /* Assets.xcassets */; };
		8B4FEE2E1F0849530015BDA5 /* LaunchScreen.storyboard in Resources */ = {isa = PBXBuildFile; fileRef = 8B4FEE2C1F0849530015BDA5 /* LaunchScreen.storyboard */; };
		8B4FEE381F084B080015BDA5 /* MoviesViewController.swift in Sources */ = {isa = PBXBuildFile; fileRef = 8B4FEE371F084B080015BDA5 /* MoviesViewController.swift */; };
		8B4FEE3B1F0863680015BDA5 /* MovieCell.swift in Sources */ = {isa = PBXBuildFile; fileRef = 8B4FEE3A1F0863680015BDA5 /* MovieCell.swift */; };
		E36325BDEE530C3BF013122C /* Pods_MovieViewer.framework in Frameworks */ = {isa = PBXBuildFile; fileRef = 0D346DBCA8BA4FF557CA1C13 /* Pods_MovieViewer.framework */; };
/* End PBXBuildFile section */

/* Begin PBXFileReference section */
		0D346DBCA8BA4FF557CA1C13 /* Pods_MovieViewer.framework */ = {isa = PBXFileReference; explicitFileType = wrapper.framework; includeInIndex = 0; path = Pods_MovieViewer.framework; sourceTree = BUILT_PRODUCTS_DIR; };
		609212F408363846F393C0C1 /* Pods-MovieViewer.release.xcconfig */ = {isa = PBXFileReference; includeInIndex = 1; lastKnownFileType = text.xcconfig; name = "Pods-MovieViewer.release.xcconfig"; path = "Pods/Target Support Files/Pods-MovieViewer/Pods-MovieViewer.release.xcconfig"; sourceTree = "<group>"; };
		8B4FEE201F0849530015BDA5 /* MovieViewer.app */ = {isa = PBXFileReference; explicitFileType = wrapper.application; includeInIndex = 0; path = MovieViewer.app; sourceTree = BUILT_PRODUCTS_DIR; };
		8B4FEE231F0849530015BDA5 /* AppDelegate.swift */ = {isa = PBXFileReference; lastKnownFileType = sourcecode.swift; path = AppDelegate.swift; sourceTree = "<group>"; };
		8B4FEE281F0849530015BDA5 /* Base */ = {isa = PBXFileReference; lastKnownFileType = file.storyboard; name = Base; path = Base.lproj/Main.storyboard; sourceTree = "<group>"; };
		8B4FEE2A1F0849530015BDA5 /* Assets.xcassets */ = {isa = PBXFileReference; lastKnownFileType = folder.assetcatalog; path = Assets.xcassets; sourceTree = "<group>"; };
		8B4FEE2D1F0849530015BDA5 /* Base */ = {isa = PBXFileReference; lastKnownFileType = file.storyboard; name = Base; path = Base.lproj/LaunchScreen.storyboard; sourceTree = "<group>"; };
		8B4FEE2F1F0849530015BDA5 /* Info.plist */ = {isa = PBXFileReference; lastKnownFileType = text.plist.xml; path = Info.plist; sourceTree = "<group>"; };
		8B4FEE371F084B080015BDA5 /* MoviesViewController.swift */ = {isa = PBXFileReference; fileEncoding = 4; lastKnownFileType = sourcecode.swift; path = MoviesViewController.swift; sourceTree = "<group>"; };
		8B4FEE3A1F0863680015BDA5 /* MovieCell.swift */ = {isa = PBXFileReference; fileEncoding = 4; lastKnownFileType = sourcecode.swift; path = MovieCell.swift; sourceTree = "<group>"; };
		F27F0979CEB2CFBAADCAE7B4 /* Pods-MovieViewer.debug.xcconfig */ = {isa = PBXFileReference; includeInIndex = 1; lastKnownFileType = text.xcconfig; name = "Pods-MovieViewer.debug.xcconfig"; path = "Pods/Target Support Files/Pods-MovieViewer/Pods-MovieViewer.debug.xcconfig"; sourceTree = "<group>"; };
/* End PBXFileReference section */

/* Begin PBXFrameworksBuildPhase section */
		8B4FEE1D1F0849530015BDA5 /* Frameworks */ = {
			isa = PBXFrameworksBuildPhase;
			buildActionMask = 2147483647;
			files = (
				E36325BDEE530C3BF013122C /* Pods_MovieViewer.framework in Frameworks */,
			);
			runOnlyForDeploymentPostprocessing = 0;
		};
/* End PBXFrameworksBuildPhase section */

/* Begin PBXGroup section */
		3C901AE30C3D21985A2FB178 /* Frameworks */ = {
			isa = PBXGroup;
			children = (
				0D346DBCA8BA4FF557CA1C13 /* Pods_MovieViewer.framework */,
			);
			name = Frameworks;
			sourceTree = "<group>";
		};
		8B4FEE171F0849530015BDA5 = {
			isa = PBXGroup;
			children = (
				8B4FEE221F0849530015BDA5 /* MovieViewer */,
				8B4FEE211F0849530015BDA5 /* Products */,
				C2B536A22F3ADF2E20C4820B /* Pods */,
				3C901AE30C3D21985A2FB178 /* Frameworks */,
			);
			sourceTree = "<group>";
		};
		8B4FEE211F0849530015BDA5 /* Products */ = {
			isa = PBXGroup;
			children = (
				8B4FEE201F0849530015BDA5 /* MovieViewer.app */,
			);
			name = Products;
			sourceTree = "<group>";
		};
		8B4FEE221F0849530015BDA5 /* MovieViewer */ = {
			isa = PBXGroup;
			children = (
				8B4FEE3D1F0863900015BDA5 /* view controllers */,
				8B4FEE391F08632A0015BDA5 /* Views */,
				8B4FEE231F0849530015BDA5 /* AppDelegate.swift */,
				8B4FEE271F0849530015BDA5 /* Main.storyboard */,
				8B4FEE2A1F0849530015BDA5 /* Assets.xcassets */,
				8B4FEE2C1F0849530015BDA5 /* LaunchScreen.storyboard */,
				8B4FEE2F1F0849530015BDA5 /* Info.plist */,
			);
			path = MovieViewer;
			sourceTree = "<group>";
		};
		8B4FEE391F08632A0015BDA5 /* Views */ = {
			isa = PBXGroup;
			children = (
				8B4FEE3A1F0863680015BDA5 /* MovieCell.swift */,
			);
			name = Views;
			sourceTree = "<group>";
		};
		8B4FEE3D1F0863900015BDA5 /* view controllers */ = {
			isa = PBXGroup;
			children = (
				8B4FEE371F084B080015BDA5 /* MoviesViewController.swift */,
			);
			name = "view controllers";
			sourceTree = "<group>";
		};
		C2B536A22F3ADF2E20C4820B /* Pods */ = {
			isa = PBXGroup;
			children = (
				F27F0979CEB2CFBAADCAE7B4 /* Pods-MovieViewer.debug.xcconfig */,
				609212F408363846F393C0C1 /* Pods-MovieViewer.release.xcconfig */,
			);
			name = Pods;
			sourceTree = "<group>";
		};
/* End PBXGroup section */

/* Begin PBXNativeTarget section */
		8B4FEE1F1F0849530015BDA5 /* MovieViewer */ = {
			isa = PBXNativeTarget;
			buildConfigurationList = 8B4FEE321F0849530015BDA5 /* Build configuration list for PBXNativeTarget "MovieViewer" */;
			buildPhases = (
				EB4A68B577D272493B087D39 /* [CP] Check Pods Manifest.lock */,
				8B4FEE1C1F0849530015BDA5 /* Sources */,
				8B4FEE1D1F0849530015BDA5 /* Frameworks */,
				8B4FEE1E1F0849530015BDA5 /* Resources */,
				929162B1C1CBF2394FD698F2 /* [CP] Embed Pods Frameworks */,
				BA5111FC6E426880C55BDEFD /* [CP] Copy Pods Resources */,
			);
			buildRules = (
			);
			dependencies = (
			);
			name = MovieViewer;
			productName = MovieViewer;
			productReference = 8B4FEE201F0849530015BDA5 /* MovieViewer.app */;
			productType = "com.apple.product-type.application";
		};
/* End PBXNativeTarget section */

/* Begin PBXProject section */
		8B4FEE181F0849530015BDA5 /* Project object */ = {
			isa = PBXProject;
			attributes = {
				LastSwiftUpdateCheck = 0830;
				LastUpgradeCheck = 0830;
				ORGANIZATIONNAME = "Abu Butt";
				TargetAttributes = {
					8B4FEE1F1F0849530015BDA5 = {
						CreatedOnToolsVersion = 8.3.3;
						ProvisioningStyle = Automatic;
					};
				};
			};
			buildConfigurationList = 8B4FEE1B1F0849530015BDA5 /* Build configuration list for PBXProject "MovieViewer" */;
			compatibilityVersion = "Xcode 3.2";
			developmentRegion = English;
			hasScannedForEncodings = 0;
			knownRegions = (
				en,
				Base,
			);
			mainGroup = 8B4FEE171F0849530015BDA5;
			productRefGroup = 8B4FEE211F0849530015BDA5 /* Products */;
			projectDirPath = "";
			projectRoot = "";
			targets = (
				8B4FEE1F1F0849530015BDA5 /* MovieViewer */,
			);
		};
/* End PBXProject section */

/* Begin PBXResourcesBuildPhase section */
		8B4FEE1E1F0849530015BDA5 /* Resources */ = {
			isa = PBXResourcesBuildPhase;
			buildActionMask = 2147483647;
			files = (
				8B4FEE2E1F0849530015BDA5 /* LaunchScreen.storyboard in Resources */,
				8B4FEE2B1F0849530015BDA5 /* Assets.xcassets in Resources */,
				8B4FEE291F0849530015BDA5 /* Main.storyboard in Resources */,
			);
			runOnlyForDeploymentPostprocessing = 0;
		};
/* End PBXResourcesBuildPhase section */

/* Begin PBXShellScriptBuildPhase section */
		929162B1C1CBF2394FD698F2 /* [CP] Embed Pods Frameworks */ = {
			isa = PBXShellScriptBuildPhase;
			buildActionMask = 2147483647;
			files = (
			);
			inputPaths = (
			);
			name = "[CP] Embed Pods Frameworks";
			outputPaths = (
			);
			runOnlyForDeploymentPostprocessing = 0;
			shellPath = /bin/sh;
			shellScript = "\"${SRCROOT}/Pods/Target Support Files/Pods-MovieViewer/Pods-MovieViewer-frameworks.sh\"\n";
			showEnvVarsInLog = 0;
		};
		BA5111FC6E426880C55BDEFD /* [CP] Copy Pods Resources */ = {
			isa = PBXShellScriptBuildPhase;
			buildActionMask = 2147483647;
			files = (
			);
			inputPaths = (
			);
			name = "[CP] Copy Pods Resources";
			outputPaths = (
			);
			runOnlyForDeploymentPostprocessing = 0;
			shellPath = /bin/sh;
			shellScript = "\"${SRCROOT}/Pods/Target Support Files/Pods-MovieViewer/Pods-MovieViewer-resources.sh\"\n";
			showEnvVarsInLog = 0;
		};
		EB4A68B577D272493B087D39 /* [CP] Check Pods Manifest.lock */ = {
			isa = PBXShellScriptBuildPhase;
			buildActionMask = 2147483647;
			files = (
			);
			inputPaths = (
			);
			name = "[CP] Check Pods Manifest.lock";
			outputPaths = (
			);
			runOnlyForDeploymentPostprocessing = 0;
			shellPath = /bin/sh;
			shellScript = "diff \"${PODS_PODFILE_DIR_PATH}/Podfile.lock\" \"${PODS_ROOT}/Manifest.lock\" > /dev/null\nif [ $? != 0 ] ; then\n    # print error to STDERR\n    echo \"error: The sandbox is not in sync with the Podfile.lock. Run 'pod install' or update your CocoaPods installation.\" >&2\n    exit 1\nfi\n";
			showEnvVarsInLog = 0;
		};
/* End PBXShellScriptBuildPhase section */

/* Begin PBXSourcesBuildPhase section */
		8B4FEE1C1F0849530015BDA5 /* Sources */ = {
			isa = PBXSourcesBuildPhase;
			buildActionMask = 2147483647;
			files = (
				8B4FEE241F0849530015BDA5 /* AppDelegate.swift in Sources */,
				8B4FEE381F084B080015BDA5 /* MoviesViewController.swift in Sources */,
				8B4FEE3B1F0863680015BDA5 /* MovieCell.swift in Sources */,
			);
			runOnlyForDeploymentPostprocessing = 0;
		};
/* End PBXSourcesBuildPhase section */

/* Begin PBXVariantGroup section */
		8B4FEE271F0849530015BDA5 /* Main.storyboard */ = {
			isa = PBXVariantGroup;
			children = (
				8B4FEE281F0849530015BDA5 /* Base */,
			);
			name = Main.storyboard;
			sourceTree = "<group>";
		};
		8B4FEE2C1F0849530015BDA5 /* LaunchScreen.storyboard */ = {
			isa = PBXVariantGroup;
			children = (
				8B4FEE2D1F0849530015BDA5 /* Base */,
			);
			name = LaunchScreen.storyboard;
			sourceTree = "<group>";
		};
/* End PBXVariantGroup section */

/* Begin XCBuildConfiguration section */
		8B4FEE301F0849530015BDA5 /* Debug */ = {
			isa = XCBuildConfiguration;
			buildSettings = {
				ALWAYS_SEARCH_USER_PATHS = NO;
				CLANG_ANALYZER_NONNULL = YES;
				CLANG_ANALYZER_NUMBER_OBJECT_CONVERSION = YES_AGGRESSIVE;
				CLANG_CXX_LANGUAGE_STANDARD = "gnu++0x";
				CLANG_CXX_LIBRARY = "libc++";
				CLANG_ENABLE_MODULES = YES;
				CLANG_ENABLE_OBJC_ARC = YES;
				CLANG_WARN_BOOL_CONVERSION = YES;
				CLANG_WARN_CONSTANT_CONVERSION = YES;
				CLANG_WARN_DIRECT_OBJC_ISA_USAGE = YES_ERROR;
				CLANG_WARN_DOCUMENTATION_COMMENTS = YES;
				CLANG_WARN_EMPTY_BODY = YES;
				CLANG_WARN_ENUM_CONVERSION = YES;
				CLANG_WARN_INFINITE_RECURSION = YES;
				CLANG_WARN_INT_CONVERSION = YES;
				CLANG_WARN_OBJC_ROOT_CLASS = YES_ERROR;
				CLANG_WARN_SUSPICIOUS_MOVE = YES;
				CLANG_WARN_UNREACHABLE_CODE = YES;
				CLANG_WARN__DUPLICATE_METHOD_MATCH = YES;
				"CODE_SIGN_IDENTITY[sdk=iphoneos*]" = "iPhone Developer";
				COPY_PHASE_STRIP = NO;
				DEBUG_INFORMATION_FORMAT = dwarf;
				ENABLE_STRICT_OBJC_MSGSEND = YES;
				ENABLE_TESTABILITY = YES;
				GCC_C_LANGUAGE_STANDARD = gnu99;
				GCC_DYNAMIC_NO_PIC = NO;
				GCC_NO_COMMON_BLOCKS = YES;
				GCC_OPTIMIZATION_LEVEL = 0;
				GCC_PREPROCESSOR_DEFINITIONS = (
					"DEBUG=1",
					"$(inherited)",
				);
				GCC_WARN_64_TO_32_BIT_CONVERSION = YES;
				GCC_WARN_ABOUT_RETURN_TYPE = YES_ERROR;
				GCC_WARN_UNDECLARED_SELECTOR = YES;
				GCC_WARN_UNINITIALIZED_AUTOS = YES_AGGRESSIVE;
				GCC_WARN_UNUSED_FUNCTION = YES;
				GCC_WARN_UNUSED_VARIABLE = YES;
				IPHONEOS_DEPLOYMENT_TARGET = 10.3;
				MTL_ENABLE_DEBUG_INFO = YES;
				ONLY_ACTIVE_ARCH = YES;
				SDKROOT = iphoneos;
				SWIFT_ACTIVE_COMPILATION_CONDITIONS = DEBUG;
				SWIFT_OPTIMIZATION_LEVEL = "-Onone";
			};
			name = Debug;
		};
		8B4FEE311F0849530015BDA5 /* Release */ = {
			isa = XCBuildConfiguration;
			buildSettings = {
				ALWAYS_SEARCH_USER_PATHS = NO;
				CLANG_ANALYZER_NONNULL = YES;
				CLANG_ANALYZER_NUMBER_OBJECT_CONVERSION = YES_AGGRESSIVE;
				CLANG_CXX_LANGUAGE_STANDARD = "gnu++0x";
				CLANG_CXX_LIBRARY = "libc++";
				CLANG_ENABLE_MODULES = YES;
				CLANG_ENABLE_OBJC_ARC = YES;
				CLANG_WARN_BOOL_CONVERSION = YES;
				CLANG_WARN_CONSTANT_CONVERSION = YES;
				CLANG_WARN_DIRECT_OBJC_ISA_USAGE = YES_ERROR;
				CLANG_WARN_DOCUMENTATION_COMMENTS = YES;
				CLANG_WARN_EMPTY_BODY = YES;
				CLANG_WARN_ENUM_CONVERSION = YES;
				CLANG_WARN_INFINITE_RECURSION = YES;
				CLANG_WARN_INT_CONVERSION = YES;
				CLANG_WARN_OBJC_ROOT_CLASS = YES_ERROR;
				CLANG_WARN_SUSPICIOUS_MOVE = YES;
				CLANG_WARN_UNREACHABLE_CODE = YES;
				CLANG_WARN__DUPLICATE_METHOD_MATCH = YES;
				"CODE_SIGN_IDENTITY[sdk=iphoneos*]" = "iPhone Developer";
				COPY_PHASE_STRIP = NO;
				DEBUG_INFORMATION_FORMAT = "dwarf-with-dsym";
				ENABLE_NS_ASSERTIONS = NO;
				ENABLE_STRICT_OBJC_MSGSEND = YES;
				GCC_C_LANGUAGE_STANDARD = gnu99;
				GCC_NO_COMMON_BLOCKS = YES;
				GCC_WARN_64_TO_32_BIT_CONVERSION = YES;
				GCC_WARN_ABOUT_RETURN_TYPE = YES_ERROR;
				GCC_WARN_UNDECLARED_SELECTOR = YES;
				GCC_WARN_UNINITIALIZED_AUTOS = YES_AGGRESSIVE;
				GCC_WARN_UNUSED_FUNCTION = YES;
				GCC_WARN_UNUSED_VARIABLE = YES;
				IPHONEOS_DEPLOYMENT_TARGET = 10.3;
				MTL_ENABLE_DEBUG_INFO = NO;
				SDKROOT = iphoneos;
				SWIFT_OPTIMIZATION_LEVEL = "-Owholemodule";
				VALIDATE_PRODUCT = YES;
			};
			name = Release;
		};
		8B4FEE331F0849530015BDA5 /* Debug */ = {
			isa = XCBuildConfiguration;
			baseConfigurationReference = F27F0979CEB2CFBAADCAE7B4 /* Pods-MovieViewer.debug.xcconfig */;
			buildSettings = {
				ASSETCATALOG_COMPILER_APPICON_NAME = AppIcon;
				INFOPLIST_FILE = MovieViewer/Info.plist;
				LD_RUNPATH_SEARCH_PATHS = "$(inherited) @executable_path/Frameworks";
				PRODUCT_BUNDLE_IDENTIFIER = A.MovieViewer;
				PRODUCT_NAME = "$(TARGET_NAME)";
				SWIFT_VERSION = 3.0;
			};
			name = Debug;
		};
		8B4FEE341F0849530015BDA5 /* Release */ = {
			isa = XCBuildConfiguration;
			baseConfigurationReference = 609212F408363846F393C0C1 /* Pods-MovieViewer.release.xcconfig */;
			buildSettings = {
				ASSETCATALOG_COMPILER_APPICON_NAME = AppIcon;
				INFOPLIST_FILE = MovieViewer/Info.plist;
				LD_RUNPATH_SEARCH_PATHS = "$(inherited) @executable_path/Frameworks";
				PRODUCT_BUNDLE_IDENTIFIER = A.MovieViewer;
				PRODUCT_NAME = "$(TARGET_NAME)";
				SWIFT_VERSION = 3.0;
			};
			name = Release;
		};
/* End XCBuildConfiguration section */

/* Begin XCConfigurationList section */
		8B4FEE1B1F0849530015BDA5 /* Build configuration list for PBXProject "MovieViewer" */ = {
			isa = XCConfigurationList;
			buildConfigurations = (
				8B4FEE301F0849530015BDA5 /* Debug */,
				8B4FEE311F0849530015BDA5 /* Release */,
			);
			defaultConfigurationIsVisible = 0;
			defaultConfigurationName = Release;
		};
		8B4FEE321F0849530015BDA5 /* Build configuration list for PBXNativeTarget "MovieViewer" */ = {
			isa = XCConfigurationList;
			buildConfigurations = (
				8B4FEE331F0849530015BDA5 /* Debug */,
				8B4FEE341F0849530015BDA5 /* Release */,
			);
			defaultConfigurationIsVisible = 0;
			defaultConfigurationName = Release;
		};
/* End XCConfigurationList section */
	};
	rootObject = 8B4FEE181F0849530015BDA5 /* Project object */;
}
